{
  "version": "3",
  "packages": {
    "specifiers": {
      "jsr:@std/bytes@^1.0.1-rc.3": "jsr:@std/bytes@1.0.2",
      "jsr:@std/io": "jsr:@std/io@0.224.3",
      "jsr:@std/io@0.224.3": "jsr:@std/io@0.224.3"
    },
    "jsr": {
      "@std/bytes@1.0.2": {
        "integrity": "fbdee322bbd8c599a6af186a1603b3355e59a5fb1baa139f8f4c3c9a1b3e3d57"
      },
      "@std/io@0.224.3": {
        "integrity": "b402edeb99c6b3778d9ae3e9927bc9085b170b41e5a09bbb7064ab2ee394ae2f",
        "dependencies": [
          "jsr:@std/bytes@^1.0.1-rc.3"
        ]
      }
    }
  },
  "redirects": {
    "https://cdn.skypack.dev/-/@pdf-lib/standard-fonts@v1.0.0-Z8Dxw2SAoP39vRoTIKF1/dist=es2019,mode=types/index.d.ts": "https://cdn.skypack.dev/-/@pdf-lib/standard-fonts@v1.0.0-Z8Dxw2SAoP39vRoTIKF1/dist=es2019,mode=types/lib/index.d.ts",
    "https://cdn.skypack.dev/-/pdf-lib@v1.17.1-P8YmSI9gov9vMnrV7v2f/dist=es2019,mode=types/cjs/api/form.d.ts": "https://cdn.skypack.dev/-/pdf-lib@v1.17.1-P8YmSI9gov9vMnrV7v2f/dist=es2019,mode=types/cjs/api/form/index.d.ts",
    "https://cdn.skypack.dev/-/pdf-lib@v1.17.1-P8YmSI9gov9vMnrV7v2f/dist=es2019,mode=types/cjs/api/image.d.ts": "https://cdn.skypack.dev/-/pdf-lib@v1.17.1-P8YmSI9gov9vMnrV7v2f/dist=es2019,mode=types/cjs/api/image/index.d.ts",
    "https://cdn.skypack.dev/-/pdf-lib@v1.17.1-P8YmSI9gov9vMnrV7v2f/dist=es2019,mode=types/cjs/api/text.d.ts": "https://cdn.skypack.dev/-/pdf-lib@v1.17.1-P8YmSI9gov9vMnrV7v2f/dist=es2019,mode=types/cjs/api/text/index.d.ts",
    "https://cdn.skypack.dev/-/pdf-lib@v1.17.1-P8YmSI9gov9vMnrV7v2f/dist=es2019,mode=types/cjs/core.d.ts": "https://cdn.skypack.dev/-/pdf-lib@v1.17.1-P8YmSI9gov9vMnrV7v2f/dist=es2019,mode=types/cjs/core/index.d.ts",
    "https://cdn.skypack.dev/-/pdf-lib@v1.17.1-P8YmSI9gov9vMnrV7v2f/dist=es2019,mode=types/cjs/core/acroform.d.ts": "https://cdn.skypack.dev/-/pdf-lib@v1.17.1-P8YmSI9gov9vMnrV7v2f/dist=es2019,mode=types/cjs/core/acroform/index.d.ts",
    "https://cdn.skypack.dev/-/pdf-lib@v1.17.1-P8YmSI9gov9vMnrV7v2f/dist=es2019,mode=types/cjs/core/annotation.d.ts": "https://cdn.skypack.dev/-/pdf-lib@v1.17.1-P8YmSI9gov9vMnrV7v2f/dist=es2019,mode=types/cjs/core/annotation/index.d.ts",
    "https://cdn.skypack.dev/-/pdf-lib@v1.17.1-P8YmSI9gov9vMnrV7v2f/dist=es2019,mode=types/cjs/index.js": "https://cdn.skypack.dev/-/pdf-lib@v1.17.1-P8YmSI9gov9vMnrV7v2f/dist=es2019,mode=types/cjs/index.d.ts",
    "https://cdn.skypack.dev/-/pdf-lib@v1.17.1-P8YmSI9gov9vMnrV7v2f/dist=es2019,mode=types/cjs/utils.d.ts": "https://cdn.skypack.dev/-/pdf-lib@v1.17.1-P8YmSI9gov9vMnrV7v2f/dist=es2019,mode=types/cjs/utils/index.d.ts",
    "https://deno.land/x/is_docker/mod.ts": "https://deno.land/x/is_docker@v2.0.0/mod.ts",
    "https://deno.land/x/open/index.ts": "https://deno.land/x/open@v0.0.6/index.ts"
  },
  "remote": {
    "https://cdn.skypack.dev/-/@aws-crypto/crc32@v1.2.1-iv9b6GaeGpl1uW3UQ0a8/dist=es2019,mode=imports/optimized/@aws-crypto/crc32.js": "a187fefc98019a5d6f110f1058713e241092fd95bc923fc589da03bc7d7d20b2",
    "https://cdn.skypack.dev/-/@aws-crypto/crc32@v5.2.0-bXlhSPnKjn8vE7atAcXK/dist=es2019,mode=imports/optimized/@aws-crypto/crc32.js": "2d88205b2c0da8a1950a02504d77169ca3335d900c44534c462f15e7c5edc51b",
    "https://cdn.skypack.dev/-/@aws-crypto/crc32c@v5.2.0-zwQS2EZtce2ooWvJ0Y5y/dist=es2019,mode=imports/optimized/@aws-crypto/crc32c.js": "1fc0740a0ba804a6119d456fc601c5f4ecf6c12459c470b03c61e19b65f02aa3",
    "https://cdn.skypack.dev/-/@aws-crypto/ie11-detection@v1.0.0-EY40A7HLCdiYMe9m0wJ4/dist=es2019,mode=imports/optimized/@aws-crypto/ie11-detection.js": "6048af20631cac85d5363a8efdedce5a846a90cc72986fbe6eb243c22aa512c7",
    "https://cdn.skypack.dev/-/@aws-crypto/sha1-browser@v5.2.0-CznJvETCBZLocLOlsbBW/dist=es2019,mode=imports/optimized/@aws-crypto/sha1-browser.js": "61288c08b1cb68d1e01c6597bd19930633a3e8757f566783ff5766e7634ed9f3",
    "https://cdn.skypack.dev/-/@aws-crypto/sha256-browser@v1.2.2-P2UzkhvkrKvEjqbWX0IY/dist=es2019,mode=imports/optimized/@aws-crypto/sha256-browser.js": "c60456f7030063561c6b79aca74d8abf621e1f716717ed8b89516a4bfb464cdd",
    "https://cdn.skypack.dev/-/@aws-crypto/sha256-browser@v5.2.0-rr5P4rK1bvZWxT0spsWX/dist=es2019,mode=imports/optimized/@aws-crypto/sha256-browser.js": "fa689793cf79f65460fd00873bfb331acb4ebc56c454ebeb98dea22b4aaacd37",
    "https://cdn.skypack.dev/-/@aws-crypto/sha256-js@v1.2.2-1ja9zgM6rCxuZy5olPwR/dist=es2019,mode=imports/optimized/@aws-crypto/sha256-js.js": "11d3fd2f6d0617cee439e0fc9bb0f97d04779780362b1195a76510e8d3af5a27",
    "https://cdn.skypack.dev/-/@aws-crypto/sha256-js@v5.2.0-MmtCvRY24okiH7JFr7fl/dist=es2019,mode=imports/optimized/@aws-crypto/sha256-js.js": "54ef58b43625fa46f7e4a698f06836eaad4f5f375faa21e01380d6dd7c75f242",
    "https://cdn.skypack.dev/-/@aws-crypto/supports-web-crypto@v1.0.0-FcGcs56UdbPKt07SITGF/dist=es2019,mode=imports/optimized/@aws-crypto/supports-web-crypto.js": "c17fe9e399ad641bff60670aeb02387839f4ddb90f7cffcf8bfcd3893ffee5eb",
    "https://cdn.skypack.dev/-/@aws-crypto/supports-web-crypto@v5.2.0-B8UpfGDxoS7Yt3wyxRPF/dist=es2019,mode=imports/optimized/@aws-crypto/supports-web-crypto.js": "6c0178ec6de83e2b821168675e46987e718c9d29ad4a82bf41625058c6e79eb1",
    "https://cdn.skypack.dev/-/@aws-crypto/util@v1.2.2-pa7PoB38WN4rkV7LwXg4/dist=es2019,mode=imports/optimized/@aws-crypto/util.js": "23e19f666b8d493446525002af82c18fd4469c3d250500ff909ccd3f13321c2d",
    "https://cdn.skypack.dev/-/@aws-crypto/util@v5.2.0-gDtJ3QQ1tuHhDfoDtFgc/dist=es2019,mode=imports/optimized/@aws-crypto/util.js": "a5ee81f0745253623a9b4e7c6244b94e487fce28c82f7164d97a978d4c5b5a0c",
    "https://cdn.skypack.dev/-/@aws-sdk/chunked-blob-reader@v3.36.0-gy1XXDMf0G4XMt2xBsJI/dist=es2019,mode=imports/optimized/@aws-sdk/chunked-blob-reader.js": "68ea9ec29a02ee0eb1c7f4836c3fc2a0c7e784dbbcad8c1a603acbed266a9d81",
    "https://cdn.skypack.dev/-/@aws-sdk/client-s3@v3.36.1-H4MCxnSptL9SRVwCoHXY/dist=es2019,mode=imports/optimized/@aws-sdk/client-s3.js": "7e74d0b6b40fe0262c76981f6cef4f454126800520385ce4f7c7c7b6a2637949",
    "https://cdn.skypack.dev/-/@aws-sdk/client-s3@v3.621.0-zkkiiZVji21RbRvI0qt0/dist=es2019,mode=imports/optimized/@aws-sdk/client-s3.js": "6e9c455fb6182fcd80d2f7a6bb2be154d300f6304694bb139f749b292a3e4e60",
    "https://cdn.skypack.dev/-/@aws-sdk/config-resolver@v3.36.0-9MDv1Qbv5s2AYvfagjzw/dist=es2019,mode=imports/optimized/@aws-sdk/config-resolver.js": "42505d001cf09451063b42013354b04fe7516f1b8e31386f95891e79245f0b8f",
    "https://cdn.skypack.dev/-/@aws-sdk/core@v3.621.0-3Ehe6XtvJw1p2b8teB9r/dist=es2019,mode=imports/optimized/@aws-sdk/core.js": "033bf3329c6ddca422a76804aab4967e6f73970d79256215736318936238fbff",
    "https://cdn.skypack.dev/-/@aws-sdk/core@v3.621.0-3Ehe6XtvJw1p2b8teB9r/dist=es2019,mode=imports/optimized/common/emitWarningIfUnsupportedVersion-9517eec7.js": "113f0de7e2bc6adc217c4e885057afe698b128d5e3da1a89acbb5b393c8d497c",
    "https://cdn.skypack.dev/-/@aws-sdk/core@v3.621.0-3Ehe6XtvJw1p2b8teB9r/dist=es2019,mode=imports/optimized/common/parseXmlBody-05854261.js": "c51750f3930cb9aa6bb5a5c0bb111587943de51642d848187c4018b682a8f652",
    "https://cdn.skypack.dev/-/@aws-sdk/core@v3.621.0-3Ehe6XtvJw1p2b8teB9r/dist=es2019,mode=imports/optimized/common/resolveAwsSdkSigV4Config-8087259a.js": "9f65b6e46c3bfc3463d16a385137ee87e01b0965e9477c4e41516273dd3220f4",
    "https://cdn.skypack.dev/-/@aws-sdk/eventstream-marshaller@v3.36.0-r8MUHvnGjhlYtO2FyDEu/dist=es2019,mode=imports/optimized/@aws-sdk/eventstream-marshaller.js": "9a58d357d4b6c80b7102f219c2959a68eb65c2798012c5959faafd8eddf1749e",
    "https://cdn.skypack.dev/-/@aws-sdk/eventstream-serde-browser@v3.36.0-Bg3LtrTVdRhQUrtbxKs6/dist=es2019,mode=imports/optimized/@aws-sdk/eventstream-serde-browser.js": "7aa3b993bdfed0b0bccf8fc032fe74c8003aa231f2f8b5d047f1f7698173620b",
    "https://cdn.skypack.dev/-/@aws-sdk/eventstream-serde-config-resolver@v3.36.0-yOLOu2lx0K2V10k4tTeH/dist=es2019,mode=imports/optimized/@aws-sdk/eventstream-serde-config-resolver.js": "9f6828485d2bdde084e1fcf31c3bb1ae8e8002e190f062d92551d3d9525ba493",
    "https://cdn.skypack.dev/-/@aws-sdk/eventstream-serde-universal@v3.36.0-JdJ6ei0Xp1kBMvZyQW22/dist=es2019,mode=imports/optimized/@aws-sdk/eventstream-serde-universal.js": "2c901858670ca35f9dd58ea3d4dc0580482786e47a0f8f3867b23249f8e358ea",
    "https://cdn.skypack.dev/-/@aws-sdk/fetch-http-handler@v3.36.0-j8NQZZpVdFu4Vrgs1zuR/dist=es2019,mode=imports/optimized/@aws-sdk/fetch-http-handler.js": "dfdf3489dea1feba03a5ae725856102d643b67e0d85184ba4d80c621387cf9c1",
    "https://cdn.skypack.dev/-/@aws-sdk/hash-blob-browser@v3.36.0-oVDzuCZ4gQVKgEgIX0gl/dist=es2019,mode=imports/optimized/@aws-sdk/hash-blob-browser.js": "978e203a7192744499387bf0e61761e280cbe14c32c3dcd90a48c3ed5e09f9a6",
    "https://cdn.skypack.dev/-/@aws-sdk/invalid-dependency@v3.36.0-2zdVyhfC55kJ7nKN8QHO/dist=es2019,mode=imports/optimized/@aws-sdk/invalid-dependency.js": "8ddaf3633765bba232a35dcf986ed6657acae029286d219cadc77eb5bcfbff94",
    "https://cdn.skypack.dev/-/@aws-sdk/is-array-buffer@v3.36.0-wfj8izjf6dnFN3yF0I9D/dist=es2019,mode=imports/optimized/@aws-sdk/is-array-buffer.js": "6f8040990d1476e1bc6896e61bd8dad16c1e1694399742ed394b053692db163f",
    "https://cdn.skypack.dev/-/@aws-sdk/md5-js@v3.36.0-qIuU6yyqhjhiPEWqVlKx/dist=es2019,mode=imports/optimized/@aws-sdk/md5-js.js": "0be6a9109a67885a6f6c192229fa73a85c9a0171c4a5786b40842e0b1fe0c76e",
    "https://cdn.skypack.dev/-/@aws-sdk/middleware-apply-body-checksum@v3.36.0-yt1g2uZK4HhzISezimEV/dist=es2019,mode=imports/optimized/@aws-sdk/middleware-apply-body-checksum.js": "50cd10c344b0038f0ad2246462d20534eaea42e0db0512fd41a5d52f9051ab86",
    "https://cdn.skypack.dev/-/@aws-sdk/middleware-bucket-endpoint@v3.36.0-vtPBfm2k715ledyeQMTZ/dist=es2019,mode=imports/optimized/@aws-sdk/middleware-bucket-endpoint.js": "8906feae0bf90c3f6bb0cf4a0b57461a21a12408fdda881377cbc41886eacf1b",
    "https://cdn.skypack.dev/-/@aws-sdk/middleware-content-length@v3.36.0-ZCtFQS69JONLEEkNg9F7/dist=es2019,mode=imports/optimized/@aws-sdk/middleware-content-length.js": "2ddff1890dfd125ff36b9160dab2535919f4bf9ea5e3d7798e35c50fd061f831",
    "https://cdn.skypack.dev/-/@aws-sdk/middleware-expect-continue@v3.36.0-QKcvUPBZK15cCZiomwQk/dist=es2019,mode=imports/optimized/@aws-sdk/middleware-expect-continue.js": "454d517af0da505f306e45656bafdf2d8383d30bc6a8b84682e6ba526bb2c785",
    "https://cdn.skypack.dev/-/@aws-sdk/middleware-expect-continue@v3.620.0-WcqI7x6mELCW0iS4Hy4Q/dist=es2019,mode=imports/optimized/@aws-sdk/middleware-expect-continue.js": "73cdf1ce959684a8ccc77f728487fc8b83445ebd813593bd9136490dfbd9025d",
    "https://cdn.skypack.dev/-/@aws-sdk/middleware-flexible-checksums@v3.620.0-MkhjBVLHGQvu1fLOi8NX/dist=es2019,mode=imports/optimized/@aws-sdk/middleware-flexible-checksums.js": "6a52f9afeaa5f0f3791337d1e9d367ca5b03a27a35fbbaaaa0b81a53afe7c046",
    "https://cdn.skypack.dev/-/@aws-sdk/middleware-host-header@v3.36.0-G2CeU18IsUQUGx8cO4k4/dist=es2019,mode=imports/optimized/@aws-sdk/middleware-host-header.js": "9568a86f43f016f5328fb156fef58470033876e24fe11f1523ba605847ee6a6b",
    "https://cdn.skypack.dev/-/@aws-sdk/middleware-host-header@v3.620.0-7afcFkvtsI19PUhDNZko/dist=es2019,mode=imports/optimized/@aws-sdk/middleware-host-header.js": "38a3cb2bba7a45abdfe3c19d0a55415f07b1de3293b6345cb182cdc7d5c9cafb",
    "https://cdn.skypack.dev/-/@aws-sdk/middleware-location-constraint@v3.36.0-mim4Koh265OlX2nPCMKW/dist=es2019,mode=imports/optimized/@aws-sdk/middleware-location-constraint.js": "d3d909f7b4cb0f709ecb74db3240516e56693809e8af5cb6e73d4f6351d8a7ac",
    "https://cdn.skypack.dev/-/@aws-sdk/middleware-location-constraint@v3.609.0-IU9VnzG3oZBUyvXjISw1/dist=es2019,mode=imports/optimized/@aws-sdk/middleware-location-constraint.js": "b0a3fe59909c75c02b76ce86badc1f69e0bd5849277e23798063732b76e51e92",
    "https://cdn.skypack.dev/-/@aws-sdk/middleware-logger@v3.36.0-orIFUJnVkEjtdyoNYimh/dist=es2019,mode=imports/optimized/@aws-sdk/middleware-logger.js": "b8cc554ce9745c8cd6235c60be8d227893abb8f2e217ffefc8a2745003481e9b",
    "https://cdn.skypack.dev/-/@aws-sdk/middleware-logger@v3.609.0-60MMNEmiVbgzN0gCPXNu/dist=es2019,mode=imports/optimized/@aws-sdk/middleware-logger.js": "785241887e2780d31f82ed1b5c8c22425f37451815d3aaddbcc740da4721a5ee",
    "https://cdn.skypack.dev/-/@aws-sdk/middleware-recursion-detection@v3.620.0-stW9G9xQH2WrhLwxOla3/dist=es2019,mode=imports/optimized/@aws-sdk/middleware-recursion-detection.js": "bb7c3ed71e63382dff00c14ff4940c524912d8ffedab2dc3e4b6ebc187d5b81a",
    "https://cdn.skypack.dev/-/@aws-sdk/middleware-retry@v3.36.0-4ZDLKc0tTYNNvToPEHPv/dist=es2019,mode=imports/optimized/@aws-sdk/middleware-retry.js": "3aa9d88ddd6353ac9ea63f648c690db65c557124d64ead7b5d8799a262cc30ca",
    "https://cdn.skypack.dev/-/@aws-sdk/middleware-sdk-s3@v3.36.0-GgYvRdRSMuSp4bohd7MD/dist=es2019,mode=imports/optimized/@aws-sdk/middleware-sdk-s3.js": "52c6e310716c9ccc67270d1b1ef90b7b303d82202a049d48bf32580f9340ebf7",
    "https://cdn.skypack.dev/-/@aws-sdk/middleware-sdk-s3@v3.621.0-fnsnsNr9QsRkeqFCGen4/dist=es2019,mode=imports/optimized/@aws-sdk/middleware-sdk-s3.js": "4572d8cbad3c472d973b2a44e003378b5d1638971899d0c26843ddd391e5f875",
    "https://cdn.skypack.dev/-/@aws-sdk/middleware-serde@v3.36.0-TwLvyKZZNpMv9I5lxJBC/dist=es2019,mode=imports/optimized/@aws-sdk/middleware-serde.js": "98e72c414e425b8e544906275b2a658575eb2f7e6550048830c5cb96ad9be2dd",
    "https://cdn.skypack.dev/-/@aws-sdk/middleware-signing@v3.36.0-hvgNbzjmjFu6IDZfxCGq/dist=es2019,mode=imports/optimized/@aws-sdk/middleware-signing.js": "e0a6064b2759edb9226563f60e194e5801e0439b442b9fcf737d53d898f9bf15",
    "https://cdn.skypack.dev/-/@aws-sdk/middleware-signing@v3.620.0-hhHiyCtvuGwxjeSgTTwl/dist=es2019,mode=imports/optimized/@aws-sdk/middleware-signing.js": "046ad741124979c5c26db7487222b4617903834cc9e8bab2159fb1ea5effbeea",
    "https://cdn.skypack.dev/-/@aws-sdk/middleware-ssec@v3.36.0-TP7YPIh114c8wXP6Wt2w/dist=es2019,mode=imports/optimized/@aws-sdk/middleware-ssec.js": "489a8a3d6921552572d9b7d9832e83b2b2959982befee6f4ef34a9e4933d7177",
    "https://cdn.skypack.dev/-/@aws-sdk/middleware-ssec@v3.609.0-orqEYtjfAGtpB9B6nr6q/dist=es2019,mode=imports/optimized/@aws-sdk/middleware-ssec.js": "fb6249f4a719974eb64c9d7a2cb3ed73feeafd1f394b90271ed79259e215a214",
    "https://cdn.skypack.dev/-/@aws-sdk/middleware-stack@v3.36.0-o5Cbf4N3GPhNti2nqmSI/dist=es2019,mode=imports/optimized/@aws-sdk/middleware-stack.js": "83dc5c2acb355e6705f3d95412408c37b969ead071ee20fd517a463a4bd98d3f",
    "https://cdn.skypack.dev/-/@aws-sdk/middleware-user-agent@v3.36.0-uP6LgZRUsQhck16D1I4W/dist=es2019,mode=imports/optimized/@aws-sdk/middleware-user-agent.js": "cb9732e1fca1facde8bb66d8d99ef0f7884f32126ae0b08e785fc24610320e12",
    "https://cdn.skypack.dev/-/@aws-sdk/middleware-user-agent@v3.620.0-yW8AK0ns1I4SiV3pMJVh/dist=es2019,mode=imports/optimized/@aws-sdk/middleware-user-agent.js": "a7982b529a0eeee342017a17afce56382e25ef6f32df0fb0de097e7f6852217c",
    "https://cdn.skypack.dev/-/@aws-sdk/property-provider@v3.36.0-DkPZq2n99vyuTTweMGwA/dist=es2019,mode=imports/optimized/@aws-sdk/property-provider.js": "069315f42513f05b4f229a53007b64aabbec3c32afa9ed1f44d2d49807390249",
    "https://cdn.skypack.dev/-/@aws-sdk/protocol-http@v3.36.0-UrcbuQq86FBCzKOHmQZA/dist=es2019,mode=imports/optimized/@aws-sdk/protocol-http.js": "461bd3f6ba3846a6a92c97c915c1ffae951e5a9234db269740498313e4d85c84",
    "https://cdn.skypack.dev/-/@aws-sdk/querystring-builder@v3.36.0-vPC8o3A1adEYtBtDpm8y/dist=es2019,mode=imports/optimized/@aws-sdk/querystring-builder.js": "ba6f57fdeeec9790f6b26339d35e691fc3a3c2fabfca2d200a32ca6a4f04b368",
    "https://cdn.skypack.dev/-/@aws-sdk/querystring-parser@v3.36.0-mIp6FCkVeAbyBzXJ9ijr/dist=es2019,mode=imports/optimized/@aws-sdk/querystring-parser.js": "9496fe966735f893404523d46e8e6e5d5590cd2a96ed96b45ad1d621971873a2",
    "https://cdn.skypack.dev/-/@aws-sdk/region-config-resolver@v3.614.0-hescXm6qNNVI0nC9X8LJ/dist=es2019,mode=imports/optimized/@aws-sdk/region-config-resolver.js": "a218015f00c2a68b1c2066b19848ddc5101a29e44dc7ccb280d629a28cd2a238",
    "https://cdn.skypack.dev/-/@aws-sdk/service-error-classification@v3.36.0-iuKYbB40dBYKncZELmlV/dist=es2019,mode=imports/optimized/@aws-sdk/service-error-classification.js": "e0ac41b601946463987415d34391564c8c60ed3fcf5209d33baaecd9c0b697a1",
    "https://cdn.skypack.dev/-/@aws-sdk/signature-v4-multi-region@v3.621.0-D4wPFc28vgevXVe8Zklj/dist=es2019,mode=imports/optimized/@aws-sdk/signature-v4-multi-region.js": "fb56adcce2acabd43dc9db850306843099fe584cd674556c28d3eb699a76167e",
    "https://cdn.skypack.dev/-/@aws-sdk/signature-v4@v3.36.0-Av8TMVpFkFwuY97kCDg8/dist=es2019,mode=imports/optimized/@aws-sdk/signature-v4.js": "635a2ebe8a902c4a4153cc6932d5e5058a612916ab0e9afb6031df3887126bc3",
    "https://cdn.skypack.dev/-/@aws-sdk/smithy-client@v3.36.0-3iiUHRpdFjFVrMP8nQ8H/dist=es2019,mode=imports/optimized/@aws-sdk/smithy-client.js": "c5a7f82a6461a86ac2a46ae8c39896cf8185b691393d8481e991d7c3f2ded469",
    "https://cdn.skypack.dev/-/@aws-sdk/url-parser@v3.36.0-Z9vTwFYyJEnLORE2XHx3/dist=es2019,mode=imports/optimized/@aws-sdk/url-parser.js": "65b29e516c2315004a3d94ba78c15652aced6ee41a72ba80342c5728d09e1ed6",
    "https://cdn.skypack.dev/-/@aws-sdk/util-arn-parser@v3.36.0-H4zOKN4l4O7GcxKFVna8/dist=es2019,mode=imports/optimized/@aws-sdk/util-arn-parser.js": "cf046d41d906d2305cb4e399a4488eb8c39433f471daf944cead8ab2dceb1469",
    "https://cdn.skypack.dev/-/@aws-sdk/util-arn-parser@v3.568.0-aDFSgOejGihhDdsBooc2/dist=es2019,mode=imports/optimized/@aws-sdk/util-arn-parser.js": "cfcd629f639bde5e137e769196384d9c07cd00f6c8ffd1eddc422a9c5745be3b",
    "https://cdn.skypack.dev/-/@aws-sdk/util-base64-browser@v3.36.0-RLrvXUgwalb4Xtdp1bX7/dist=es2019,mode=imports/optimized/@aws-sdk/util-base64-browser.js": "b5d24180705c765e3363d0b28642461b9ad6f77f1db2cb42ad65ec83272f353c",
    "https://cdn.skypack.dev/-/@aws-sdk/util-body-length-browser@v3.36.0-XoRlMvlRDbTIoREx3aWw/dist=es2019,mode=imports/optimized/@aws-sdk/util-body-length-browser.js": "382b9cede5e531787826083d9ab506cf2fa87fa3db1177c2ef06f8e606fe843b",
    "https://cdn.skypack.dev/-/@aws-sdk/util-buffer-from@v3.36.0-ZaRMT8IwMdszxk86TtGv/dist=es2019,mode=imports/optimized/@aws-sdk/util-buffer-from.js": "97c67c5e846d1a084f0f6d46b5e09a21d730e46663fbfd1fe1abd144763dd6dd",
    "https://cdn.skypack.dev/-/@aws-sdk/util-endpoints@v3.614.0-gEKTlrbXtTwdIBn5Gny7/dist=es2019,mode=imports/optimized/@aws-sdk/util-endpoints.js": "da1e052ded6da5e2dce328bcbdc9cc30cde04fec91271afabede199a7747d190",
    "https://cdn.skypack.dev/-/@aws-sdk/util-hex-encoding@v3.36.0-gQJxta0rGqb3PocyrC0q/dist=es2019,mode=imports/optimized/@aws-sdk/util-hex-encoding.js": "be3420a6b762007d796999eb9c3e53481b2ed997120e292e0ff1127f8ddd4011",
    "https://cdn.skypack.dev/-/@aws-sdk/util-locate-window@v3.310.0-tGdgi6VvYQ4ZUudxqOCI/dist=es2019,mode=imports/optimized/@aws-sdk/util-locate-window.js": "f1450a62ae88fb6c99c4c26443a553bd0f368e821472ec3fa4890d74b39cd41d",
    "https://cdn.skypack.dev/-/@aws-sdk/util-locate-window@v3.46.0-db3QREGDurDi0PxMvZwQ/dist=es2019,mode=imports/optimized/@aws-sdk/util-locate-window.js": "3771fba49a729e8be4e0f748d7c1be4fdc8bb6f0c0a026cc60d95e201a288b6a",
    "https://cdn.skypack.dev/-/@aws-sdk/util-locate-window@v3.465.0-UQkO3uxdi3i0sewCGM04/dist=es2019,mode=imports/optimized/@aws-sdk/util-locate-window.js": "f1450a62ae88fb6c99c4c26443a553bd0f368e821472ec3fa4890d74b39cd41d",
    "https://cdn.skypack.dev/-/@aws-sdk/util-uri-escape@v3.36.0-vrwkhLGXUNtdaaP9fSPi/dist=es2019,mode=imports/optimized/@aws-sdk/util-uri-escape.js": "b854098d6f33fe15d08b0a7882c97c4b37928e332ae9480518a106303d33f39f",
    "https://cdn.skypack.dev/-/@aws-sdk/util-user-agent-browser@v3.36.0-h0iTGdTEYPWbhFvkR2lq/dist=es2019,mode=imports/optimized/@aws-sdk/util-user-agent-browser.js": "e2cb6d16951b2b86c69345fb2c11e7648b447193889ffff1cbd185a016323979",
    "https://cdn.skypack.dev/-/@aws-sdk/util-user-agent-browser@v3.609.0-3bVtbyeDP2WIxilJ51lY/dist=es2019,mode=imports/optimized/@aws-sdk/util-user-agent-browser.js": "dbba3dfce364272a889e6c83e24a26eb53e8664c7972624f7d84859bba36d59c",
    "https://cdn.skypack.dev/-/@aws-sdk/util-utf8-browser@v3.36.0-h9gpxljPphgEE1uHssNp/dist=es2019,mode=imports/optimized/@aws-sdk/util-utf8-browser.js": "9192804636d595e58d8cb14c9e1bed9457cb62cc69ef4974cb63ea00c71ff35a",
    "https://cdn.skypack.dev/-/@aws-sdk/util-utf8-browser@v3.47.1-tJ5D4Gc6zQrpyiCv2PCS/dist=es2019,mode=imports/optimized/@aws-sdk/util-utf8-browser.js": "9192804636d595e58d8cb14c9e1bed9457cb62cc69ef4974cb63ea00c71ff35a",
    "https://cdn.skypack.dev/-/@aws-sdk/util-utf8-node@v3.36.0-dLA2UsAI5Ur854XaCkod/dist=es2019,mode=imports/optimized/@aws-sdk/util-utf8-node.js": "15520e86e49750199dd44b23e1ad42706e89c5827a859db08978b992cdb5113d",
    "https://cdn.skypack.dev/-/@aws-sdk/util-waiter@v3.36.0-PMmavkG7zc5blQZ3Cyt7/dist=es2019,mode=imports/optimized/@aws-sdk/util-waiter.js": "5199bcab81fe631038b6a43351de4125e923495520e8739ccee757b72f3a566e",
    "https://cdn.skypack.dev/-/@aws-sdk/xml-builder@v3.36.0-YQ6OEyTUG6KYWD3LrP9Z/dist=es2019,mode=imports/optimized/@aws-sdk/xml-builder.js": "442833eaff9ca4c5ccb68b3bf9146f9b217e67b7517a5628500725e5e0e9ef0c",
    "https://cdn.skypack.dev/-/@aws-sdk/xml-builder@v3.609.0-M0p9uUVRuuDQR4heRM9B/dist=es2019,mode=imports/optimized/@aws-sdk/xml-builder.js": "cd18d8d5a16bdcc66f19aab7f0e521b1eada25267067b84c47fb0408823a0a3d",
    "https://cdn.skypack.dev/-/@pdf-lib/standard-fonts@v1.0.0-Z8Dxw2SAoP39vRoTIKF1/dist=es2019,mode=imports/optimized/@pdf-lib/standard-fonts.js": "7e7233fe50eff7cdacd5dfe148b2e8793ef2c0aacd1b09d09d74fa71ea588eac",
    "https://cdn.skypack.dev/-/@pdf-lib/upng@v1.0.1-cDyYONcMEAs6JipZyc8F/dist=es2019,mode=imports/optimized/@pdf-lib/upng.js": "c1fa7f102bc8ece5a18e22f27a18929143c4bba9735b24ea23b0b0d8eaa8cd53",
    "https://cdn.skypack.dev/-/@smithy/chunked-blob-reader@v3.0.0-6yFheW3fTYXOSncPwkvj/dist=es2019,mode=imports/optimized/@smithy/chunked-blob-reader.js": "1f74e3b822ed2250669bde9b24729e832c615433e266b3221a9fcffac8b908af",
    "https://cdn.skypack.dev/-/@smithy/config-resolver@v3.0.5-ZHh7JcpESrfq1FkIXAky/dist=es2019,mode=imports/optimized/@smithy/config-resolver.js": "de5e88f21da3c729c8c9337231f3a461cf965b808577629dc191a9565085fd0e",
    "https://cdn.skypack.dev/-/@smithy/core@v2.3.1-blySgpjOWf3JOh1rzFdf/dist=es2019,mode=imports/optimized/@smithy/core.js": "5fd6bdcacaf75cd2ea673b8ef0b6d61b233cc93c96a2ad90339be0bfee74ca54",
    "https://cdn.skypack.dev/-/@smithy/eventstream-codec@v3.1.2-2nl9CEJtPb1JKfUl1bum/dist=es2019,mode=imports/optimized/@smithy/eventstream-codec.js": "be8b69629c56fac08f154cf5eab36ffe8278d0577a501b97056944f0bb930180",
    "https://cdn.skypack.dev/-/@smithy/eventstream-serde-browser@v3.0.5-NKvYguQRZj9xh3xddUhg/dist=es2019,mode=imports/optimized/@smithy/eventstream-serde-browser.js": "7bbc125ca6b9a4ed1e82fd7a140fdd0811a3bb9412e6c76770d7606543dc6e07",
    "https://cdn.skypack.dev/-/@smithy/eventstream-serde-config-resolver@v3.0.3-4WT50Sm2cD9wYzrvCDDs/dist=es2019,mode=imports/optimized/@smithy/eventstream-serde-config-resolver.js": "45a3e35a3973da1093b0de1824e1ba5f710e467b5bb5f233a7e68d454401dc30",
    "https://cdn.skypack.dev/-/@smithy/eventstream-serde-universal@v3.0.4-cT7zYwvrQF2vCOO0Nasd/dist=es2019,mode=imports/optimized/@smithy/eventstream-serde-universal.js": "a3d9206b6402cd0499b2ccda1b289ede064b9282dd7946ff00596376fdb16476",
    "https://cdn.skypack.dev/-/@smithy/fetch-http-handler@v3.2.4-asuYJNoePmeiA8WfQ1GD/dist=es2019,mode=imports/optimized/@smithy/fetch-http-handler.js": "055b5e6c38737396ec6cb8be3761435930f132ce305e36cb4c188f0332d33a5f",
    "https://cdn.skypack.dev/-/@smithy/hash-blob-browser@v3.1.2-NK3pgzNx9SHIwspDnUpo/dist=es2019,mode=imports/optimized/@smithy/hash-blob-browser.js": "803587eaf7f5d68249a8901d6c7c7a5a00d628ba0db61d790db6ea0a9482386d",
    "https://cdn.skypack.dev/-/@smithy/invalid-dependency@v3.0.3-LNkA8gHxU0iDCmKZhhlT/dist=es2019,mode=imports/optimized/@smithy/invalid-dependency.js": "71961e8a037393319cfbbc708b2da4be4482ec5be3cbd29e9ad1b6dd6d0e03ff",
    "https://cdn.skypack.dev/-/@smithy/is-array-buffer@v3.0.0-6kyMWWFwzIM0lAiS91Dp/dist=es2019,mode=imports/optimized/@smithy/is-array-buffer.js": "3ebdc61255b1e7711641b3318da5077dcfe7282e55a67ac5f8343cc6cec6a4c5",
    "https://cdn.skypack.dev/-/@smithy/md5-js@v3.0.3-mrMUjjGWuwUycEOUWokf/dist=es2019,mode=imports/optimized/@smithy/md5-js.js": "3084909fde8c250e68ccddfe5b079d69b14d702f9b658eac382aa31bd8b4e145",
    "https://cdn.skypack.dev/-/@smithy/middleware-content-length@v3.0.5-vHeuQIgjFPNjfs9GLoUg/dist=es2019,mode=imports/optimized/@smithy/middleware-content-length.js": "143bd65dd56e2904963ebad1db10aefd1f8967c7ef2f44c0bb309f67d6c465ac",
    "https://cdn.skypack.dev/-/@smithy/middleware-endpoint@v3.1.0-Nk7Hm4435HJqgQCN2WKF/dist=es2019,mode=imports/optimized/@smithy/middleware-endpoint.js": "30e9cecf9f3da9f77cb64296661a4b45d9a93c0ef4e3b05e747e4027ea0cb685",
    "https://cdn.skypack.dev/-/@smithy/middleware-retry@v3.0.13-HDXMfAESaFyYsOs3vhpi/dist=es2019,mode=imports/optimized/@smithy/middleware-retry.js": "462e5b1d66e920acc996f8d40e58d120f3355ce16c349f96d0f3bf0d282f87fc",
    "https://cdn.skypack.dev/-/@smithy/middleware-serde@v3.0.3-FYxqScYQaQq38g0FcpZn/dist=es2019,mode=imports/optimized/@smithy/middleware-serde.js": "44a12ed0148619acaf4496077db07ea7b02586b6a3b4ac18e2bb8461c47af4ea",
    "https://cdn.skypack.dev/-/@smithy/middleware-stack@v3.0.3-7BUaKfHKwCOOyKp3Qjva/dist=es2019,mode=imports/optimized/@smithy/middleware-stack.js": "19a214158dfbc72f3a42f8cc912aa1e0c957a7d625af6c5aeadb5c6cea0326c4",
    "https://cdn.skypack.dev/-/@smithy/property-provider@v3.1.3-B1E0z6cE9Sm3quUQPM1k/dist=es2019,mode=imports/optimized/@smithy/property-provider.js": "760573d7ef24153782d25dba374f3e5aeb05e594713e9518ff6abc4adaab18ec",
    "https://cdn.skypack.dev/-/@smithy/protocol-http@v4.1.0-YflVfwVtmuByxVT7rz1E/dist=es2019,mode=imports/optimized/@smithy/protocol-http.js": "f2e107ce6d898e4071877ea8519bff9455be7a04b39a13d5c03574ffc909a191",
    "https://cdn.skypack.dev/-/@smithy/querystring-builder@v3.0.3-Q4tatKGnJ8sVXZugreXh/dist=es2019,mode=imports/optimized/@smithy/querystring-builder.js": "3217a871ca9ce45404e26892e801354c90eb1a4783b47eaaebf24a317f3cab72",
    "https://cdn.skypack.dev/-/@smithy/querystring-parser@v3.0.3-vwPGLhPOrQlYv33pmpH9/dist=es2019,mode=imports/optimized/@smithy/querystring-parser.js": "7dcce3a5f12dea45b31eb39478b4289415010559b71d50da1d625d0a08039436",
    "https://cdn.skypack.dev/-/@smithy/service-error-classification@v3.0.3-siRe87XLPd9tpnAUoxAR/dist=es2019,mode=imports/optimized/@smithy/service-error-classification.js": "590618372fbcfa5b2bbb295553d56a845875725f3a9deb2211c1298d64579371",
    "https://cdn.skypack.dev/-/@smithy/signature-v4@v4.1.0-QD7x2Jd2CdXyQqlpdtRY/dist=es2019,mode=imports/optimized/@smithy/signature-v4.js": "a45b053e9feb934f2d5f0e86a7aa902f2cb7e16072a19f8535e60e332db3fab2",
    "https://cdn.skypack.dev/-/@smithy/smithy-client@v3.1.11-obQxUULDP0HypyHAtgHL/dist=es2019,mode=imports/optimized/@smithy/smithy-client.js": "e3a1e7fa412f8d3a05d7df4cc30c41e234e857ad735e1c271a22b05c3ce93e29",
    "https://cdn.skypack.dev/-/@smithy/types@v3.3.0-65Rad5IUfjLUQQSRnIOB/dist=es2019,mode=imports/optimized/@smithy/types.js": "44f3bdfe88c325155541f67e013d27979004ebf738aa72a240dfb5aa5c9a1f73",
    "https://cdn.skypack.dev/-/@smithy/url-parser@v3.0.3-qqrFhq2wiUxIkHtk0H3P/dist=es2019,mode=imports/optimized/@smithy/url-parser.js": "97353969227ef1ade4c5311abdf756c3f7213c7c4e1b6922418016f5af7126c3",
    "https://cdn.skypack.dev/-/@smithy/util-base64@v3.0.0-f8yozGf9dA8rbBoEgqEf/dist=es2019,mode=imports/optimized/@smithy/util-base64.js": "97b37c592fd0525b08ca60ee28b3cdc69c6c57d6aef8884088f38c8aed72d0bb",
    "https://cdn.skypack.dev/-/@smithy/util-body-length-browser@v3.0.0-cyfmy6bzqcmIJR0dc9dz/dist=es2019,mode=imports/optimized/@smithy/util-body-length-browser.js": "56b3825e309d436fbaee43c780f72ba15a1b8ee9d04db543a70220a849660088",
    "https://cdn.skypack.dev/-/@smithy/util-config-provider@v3.0.0-PB8sYCR2pcmTJJWk8q4Y/dist=es2019,mode=imports/optimized/@smithy/util-config-provider.js": "e594b3fe978bef0b16919b97677b11f4c6c74748f7ff71b7d321216d3cbeb104",
    "https://cdn.skypack.dev/-/@smithy/util-defaults-mode-browser@v3.0.13-iX9ijbZ6F6FQTDoI5199/dist=es2019,mode=imports/optimized/@smithy/util-defaults-mode-browser.js": "213e7933e85314b2657fc850da25fac5b2f7f97f8b110bf6c04cd1dd9e63c4f8",
    "https://cdn.skypack.dev/-/@smithy/util-endpoints@v2.0.5-Lm49xXCjEQpYDUXV7wQl/dist=es2019,mode=imports/optimized/@smithy/util-endpoints.js": "769bea23996961a95a3b051c74c01103dfae3785b2b38ac3d0179800330bc6ef",
    "https://cdn.skypack.dev/-/@smithy/util-hex-encoding@v3.0.0-idw8UW5bpkJBPrSZKIZc/dist=es2019,mode=imports/optimized/@smithy/util-hex-encoding.js": "9b2f5cfa58f4a39ad6067bc9b2001a994825b604531cedf30030da26255117bf",
    "https://cdn.skypack.dev/-/@smithy/util-middleware@v3.0.3-iB6C3gxTaxMApakNqcFL/dist=es2019,mode=imports/optimized/@smithy/util-middleware.js": "0c726fe85f32e0d5e3d83c116e1f2bb17284e6d4d2753b9a2f01d9eb2f24679e",
    "https://cdn.skypack.dev/-/@smithy/util-retry@v3.0.3-g5INQqSzlOr6lulR69Eu/dist=es2019,mode=imports/optimized/@smithy/util-retry.js": "a5e4bbc1d5ed0837e9ff450fc1adeb5b7518f1b20a7ab2037297512b6775c621",
    "https://cdn.skypack.dev/-/@smithy/util-stream@v3.1.3-vZqTMxsYcNm5jC1mDZpE/dist=es2019,mode=imports/optimized/@smithy/util-stream.js": "bf669f577b3995dde9d771bc43b7ee87bb8876811173169626f6820db4dbb79c",
    "https://cdn.skypack.dev/-/@smithy/util-uri-escape@v3.0.0-pe0JLyCzsDzWFMr6gvM9/dist=es2019,mode=imports/optimized/@smithy/util-uri-escape.js": "40d62c7ff28dc8adfd13119b890b224fb951c8ccd1b2081a7fad24cf13579c85",
    "https://cdn.skypack.dev/-/@smithy/util-utf8@v2.0.0-r6fauthapeSJCOOB3thm/dist=es2019,mode=imports/optimized/@smithy/util-utf8.js": "44246713d9ae8af2621aedca38211f078a384cd0b85bd6aff9d46178349115e3",
    "https://cdn.skypack.dev/-/@smithy/util-utf8@v2.0.2-moxHUCImfbBfl3uFxODa/dist=es2019,mode=imports/optimized/@smithy/util-utf8.js": "44246713d9ae8af2621aedca38211f078a384cd0b85bd6aff9d46178349115e3",
    "https://cdn.skypack.dev/-/@smithy/util-utf8@v3.0.0-OINpB18gWz9ED7YD9xwQ/dist=es2019,mode=imports/optimized/@smithy/util-utf8.js": "3fd75dfcb8574b0860e53de4702f43ee5d27792c085b2e72de5178a144cca96e",
    "https://cdn.skypack.dev/-/@smithy/util-waiter@v3.1.2-6Jlab6x4hXX6L0hviHxg/dist=es2019,mode=imports/optimized/@smithy/util-waiter.js": "0565a1b95b085069670ff7b551ec0e07cd0f1da517cb880eefe91d3ec86b87c5",
    "https://cdn.skypack.dev/-/bowser@v2.11.0-Py0WXWOOzz0xiCAlkqky/dist=es2019,mode=imports/optimized/bowser.js": "3407342aa55a3c51dc534392d4e069dd72b3e52763e81835c586415c3903608a",
    "https://cdn.skypack.dev/-/entities@v2.2.0-zW9Q7GAB8ju1OuIEz905/dist=es2019,mode=imports/optimized/entities.js": "441df080ada8f33027b6cf83c08e98ed2cf43b520d26b8cb31818222bae6c7ae",
    "https://cdn.skypack.dev/-/fast-xml-parser@v3.19.0-7068qpZGq0WTl1tyQqVD/dist=es2019,mode=imports/optimized/fast-xml-parser.js": "3e0e1c2c11564965ef751faf92f27df8709a7a302b2913b03eb18df6251e9305",
    "https://cdn.skypack.dev/-/fast-xml-parser@v4.4.1-77KRmHKApgyv9pdPDg0W/dist=es2019,mode=imports/optimized/fast-xml-parser.js": "963141120d679cadd3102d89eb02fe1708b8ad89aba1fdd65cf47ad3b1af537f",
    "https://cdn.skypack.dev/-/pako@v1.0.11-HN3j6r6YXxSYMQQ5YY76/dist=es2019,mode=imports/optimized/pako.js": "cb928ba393bdb8c8b9b6509a68975a00e43780ed2424bf0c6e020890dc546e4b",
    "https://cdn.skypack.dev/-/pdf-lib@v1.17.1-P8YmSI9gov9vMnrV7v2f/dist=es2019,mode=imports/optimized/pdf-lib.js": "ce55a997148b41a520719255d57af560fd269685241031d2502f0c7583d690b2",
    "https://cdn.skypack.dev/-/strnum@v1.0.5-UZPHteCsFGtQtMgV7Cjq/dist=es2019,mode=imports/optimized/strnum.js": "bf01113a22aa626ca865caf4a07493e2ddf2bcb4dc49e0f5549d0dc0da187bc9",
    "https://cdn.skypack.dev/-/tslib@v1.14.1-mWTe8wftGbG1xYC8gPyw/dist=es2019,mode=imports/optimized/tslib.js": "bde9e42ab1dee8764c8fef53a8165ab516af507bd5a6e120aae6d0922925ba74",
    "https://cdn.skypack.dev/-/tslib@v2.3.1-oagOtGnmjZ2E5Gt5m3zI/dist=es2019,mode=imports/optimized/tslib.js": "6a8aec215e19801a0cc9dfae2d87b3d5e774115c0684d3bd173ea7950c3a3e9e",
    "https://cdn.skypack.dev/-/tslib@v2.6.2-OVagwiLDRFa7T0n3eDR1/dist=es2019,mode=imports/optimized/tslib.js": "7e714aa04743c2b7e426a28fe18074b35ae8d4f53d613e069b5fd9c7b740753b",
    "https://cdn.skypack.dev/-/uuid@v8.3.2-XAQ9X05vJqvKpZccxFGc/dist=es2019,mode=imports/optimized/uuid.js": "2269db8209b0d0e0430b48430585ef0dfe4388c020b7d371643f318a3b795164",
    "https://cdn.skypack.dev/-/uuid@v9.0.1-Qyvn3A5kWlDfdUqj1DBN/dist=es2019,mode=imports/optimized/uuid.js": "fbddd6c39747e2b523e32751866195652a2df850408759af8425ab0f0b11a7c2",
    "https://cdn.skypack.dev/@aws-sdk/client-s3": "4a2a38927356ac716d81a8fc45216127c5ea0b92477debdcb35e2fcf92870049",
    "https://cdn.skypack.dev/@aws-sdk/client-s3@3.36.1": "139f458284f53c15251020eb85dc455fca32b75cfc76218535ec96809d36e989",
    "https://cdn.skypack.dev/@aws-sdk/client-s3@3.621.0": "4a2a38927356ac716d81a8fc45216127c5ea0b92477debdcb35e2fcf92870049",
    "https://cdn.skypack.dev/error/unknown:@aws-sdk/util-utf8-browser?from=@aws-crypto/sha256-browser": "d542ac47efcc855efafd176115f76530b07d445bff7b9677962bfc212b62dd07",
    "https://cdn.skypack.dev/pdf-lib?dts": "11ccb0b2660b159faec9facfc77e47ad78e1d1ee41805f007b4dd11b62095e05",
    "https://cdn.skypack.dev/pdf-lib@1.17.1": "11ccb0b2660b159faec9facfc77e47ad78e1d1ee41805f007b4dd11b62095e05",
    "https://cdn.skypack.dev/pdf-lib@^1.17.1?dts": "11ccb0b2660b159faec9facfc77e47ad78e1d1ee41805f007b4dd11b62095e05",
    "https://deno.land/std@0.106.0/path/_constants.ts": "1247fee4a79b70c89f23499691ef169b41b6ccf01887a0abd131009c5581b853",
    "https://deno.land/std@0.106.0/path/_util.ts": "2e06a3b9e79beaf62687196bd4b60a4c391d862cfa007a20fc3a39f778ba073b",
    "https://deno.land/std@0.106.0/path/posix.ts": "b81974c768d298f8dcd2c720229639b3803ca4a241fa9a355c762fa2bc5ef0c1",
    "https://deno.land/std@0.135.0/_util/assert.ts": "e94f2eb37cebd7f199952e242c77654e43333c1ac4c5c700e929ea3aa5489f74",
    "https://deno.land/std@0.135.0/bytes/bytes_list.ts": "67eb118e0b7891d2f389dad4add35856f4ad5faab46318ff99653456c23b025d",
    "https://deno.land/std@0.135.0/bytes/equals.ts": "a60ef9f01fb6e06a4e0343fc44d53d39d12dd66bc3f09ac8e6eb9cc1a6335e48",
    "https://deno.land/std@0.135.0/bytes/mod.ts": "4cef6fe8f0de217b9babbcbb0a566402b667f18a8e6d094a45e5fb3fc1afff70",
    "https://deno.land/std@0.135.0/fmt/colors.ts": "30455035d6d728394781c10755351742dd731e3db6771b1843f9b9e490104d37",
    "https://deno.land/std@0.135.0/fs/exists.ts": "cb734d872f8554ea40b8bff77ad33d4143c1187eac621a55bf37781a43c56f6d",
    "https://deno.land/std@0.135.0/io/buffer.ts": "bd0c4bf53db4b4be916ca5963e454bddfd3fcd45039041ea161dbf826817822b",
    "https://deno.land/std@0.135.0/log/handlers.ts": "b88c24df61eaeee8581dbef3622f21aebfd061cd2fda49affc1711c0e54d57da",
    "https://deno.land/std@0.135.0/log/levels.ts": "82c965b90f763b5313e7595d4ba78d5095a13646d18430ebaf547526131604d1",
    "https://deno.land/std@0.135.0/log/logger.ts": "30770bf29053d1c8d1054ec52ab385da8e5b8a43973da32c84dea819e5a11b52",
    "https://deno.land/std@0.135.0/log/mod.ts": "e200a8600a9e9ac2b10668fda0e6537a1444c5050ea6a04c826df52519bf35fd",
    "https://deno.land/std@0.138.0/fmt/colors.ts": "30455035d6d728394781c10755351742dd731e3db6771b1843f9b9e490104d37",
    "https://deno.land/x/cliffy@v0.24.2/_utils/distance.ts": "02af166952c7c358ac83beae397aa2fbca4ad630aecfcd38d92edb1ea429f004",
    "https://deno.land/x/cliffy@v0.24.2/command/_errors.ts": "979a5d3f91b9da60a5871a14c4d7aa88ad4e3258da2df7b83bf40d00949ca944",
    "https://deno.land/x/cliffy@v0.24.2/command/_utils.ts": "a17433eaa5fa2931a78590c6ee146129446992214a9483328b321cabd106ed42",
    "https://deno.land/x/cliffy@v0.24.2/command/command.ts": "a8a8db0e003c2fde85313ecbaf094502a867ec1229b99eacbdc357b6c0eb7a74",
    "https://deno.land/x/cliffy@v0.24.2/command/completions/_bash_completions_generator.ts": "038f70cdf8a84f851984b8aec3e63fe1b4c96455dd34b8b0bc49f2ef97996c00",
    "https://deno.land/x/cliffy@v0.24.2/command/completions/_fish_completions_generator.ts": "be4bc20ec11be0248aa3cb2c1451ed4c25433682aa8dc0563e1a7e0a44935d14",
    "https://deno.land/x/cliffy@v0.24.2/command/completions/_zsh_completions_generator.ts": "532a5e4ca81e1582dc75047cffaefe4c314f6110cb63089a0a8ab315e251fbd3",
    "https://deno.land/x/cliffy@v0.24.2/command/completions/bash.ts": "774e6be686d245f783d65b06d6822af1bff303beb19490b29a0e0f781556cfad",
    "https://deno.land/x/cliffy@v0.24.2/command/completions/complete.ts": "626594088e026e9248fcba8b1b3c8076afd964475f63f294223d337c61cf1665",
    "https://deno.land/x/cliffy@v0.24.2/command/completions/fish.ts": "c2f353f361c77bbce53e2a8bf064955b028ef6dc0eecca01a7d1f64397b61304",
    "https://deno.land/x/cliffy@v0.24.2/command/completions/mod.ts": "2b32933e152628268bfed59bd3091f8d23fbda59ee4e09f4d3de7740c7482fc2",
    "https://deno.land/x/cliffy@v0.24.2/command/completions/zsh.ts": "3eb1bfcfb7c1e4dd35b1d2e34a37c2a44a4dc54fdd8a8e4dcb5f933ad193202b",
    "https://deno.land/x/cliffy@v0.24.2/command/deps.ts": "84d3beaf8232c73cc62397402ec255db956598c9b7658f244292b34bd2ce5359",
    "https://deno.land/x/cliffy@v0.24.2/command/help/_help_generator.ts": "e41b9513f0a8cf55dda713a5e10579835696450aaebfb6517efbb828802cacf9",
    "https://deno.land/x/cliffy@v0.24.2/command/help/mod.ts": "01dd638a19ec6fce52317b3398201747d1e1d7ba4352b9a0aed084c7abe5d195",
    "https://deno.land/x/cliffy@v0.24.2/command/mod.ts": "d2da7a3d171a7737173525815d7dbe2e3dad3b20f2283385d99b78b5381a8bb5",
    "https://deno.land/x/cliffy@v0.24.2/command/type.ts": "2c0e15a618e8c71c7d2654a3cc819ba50b5f4f11828e84210112801363db880d",
    "https://deno.land/x/cliffy@v0.24.2/command/types.ts": "f08e0b7846b4571f1e3d3dd4ef4e8e53aa398f4b66d0f833b5817689054b49c7",
    "https://deno.land/x/cliffy@v0.24.2/command/types/action_list.ts": "33c98d449617c7a563a535c9ceb3741bde9f6363353fd492f90a74570c611c27",
    "https://deno.land/x/cliffy@v0.24.2/command/types/boolean.ts": "bf0fbaacbd79398f4f4a832437a8ac49f34f12fe42b8b44dca68ad23cd7b02e8",
    "https://deno.land/x/cliffy@v0.24.2/command/types/child_command.ts": "f1fca390c7fbfa7a713ca15ef55c2c7656bcbb394d50e8ef54085bdf6dc22559",
    "https://deno.land/x/cliffy@v0.24.2/command/types/command.ts": "325d0382e383b725fd8d0ef34ebaeae082c5b76a1f6f2e843fee5dbb1a4fe3ac",
    "https://deno.land/x/cliffy@v0.24.2/command/types/enum.ts": "a6e805eed88efe1866fa76cd102844a79a9bbe5590e557465f30082c6e383283",
    "https://deno.land/x/cliffy@v0.24.2/command/types/file.ts": "8618f16ac9015c8589cbd946b3de1988cc4899b90ea251f3325c93c46745140e",
    "https://deno.land/x/cliffy@v0.24.2/command/types/integer.ts": "b49ef8c43fe59ccf67e792c72ff350520dab08c9bd552eff004e134f292daa06",
    "https://deno.land/x/cliffy@v0.24.2/command/types/number.ts": "32c3d1decf3b8d9dfa10b0027b07e9c6753c0059d1ccf2d1d768b879d05e0d3e",
    "https://deno.land/x/cliffy@v0.24.2/command/types/string.ts": "e415dd7bce1b4d0ac4417e370a41a8c7a476f78cb19bf4a757ba11da343f344c",
    "https://deno.land/x/cliffy@v0.24.2/flags/_errors.ts": "2e6754a96f8df8a2c23da477388eb426b24090e4cc4140220643ba2590d02136",
    "https://deno.land/x/cliffy@v0.24.2/flags/_utils.ts": "85c81dc298b09d616921b0837331f1d2e0b069e6c8e432dc26af74d579eb8967",
    "https://deno.land/x/cliffy@v0.24.2/flags/flags.ts": "41462db9188563cfe702b7237a25e8ee805c4c233c13a56750304ac64453122c",
    "https://deno.land/x/cliffy@v0.24.2/flags/types.ts": "c1ccc9574c69a0a3120f2464a5667b7169b6e3784f415aa3d5ca09cb36af653a",
    "https://deno.land/x/cliffy@v0.24.2/flags/types/boolean.ts": "3a80c2332c2f2f58427774cd0ed15b773be2c6bab6323ab4085ac7eaed9fe021",
    "https://deno.land/x/cliffy@v0.24.2/flags/types/integer.ts": "931b6c9f748a839ad304d60851159ebe3f26ccea50fb0907925a94e93772acaf",
    "https://deno.land/x/cliffy@v0.24.2/flags/types/number.ts": "ace1b124c644f4fac2a7bf781fafe3f8a32528b22ec939a3291424a313c8e301",
    "https://deno.land/x/cliffy@v0.24.2/flags/types/string.ts": "2764413b7f86962152fd0ac3edf5107b94cb6ae8a237243d65c3a2eb2073d624",
    "https://deno.land/x/cliffy@v0.24.2/flags/validate_flags.ts": "2d04bfc90c4675e868002ab6b4df3283c32f8b2bd5b7a487d54fdc429f1b59c8",
    "https://deno.land/x/cliffy@v0.24.2/table/border.ts": "2514abae4e4f51eda60a5f8c927ba24efd464a590027e900926b38f68e01253c",
    "https://deno.land/x/cliffy@v0.24.2/table/cell.ts": "1d787d8006ac8302020d18ec39f8d7f1113612c20801b973e3839de9c3f8b7b3",
    "https://deno.land/x/cliffy@v0.24.2/table/deps.ts": "45592ed006efadd7708ea5201bb427cffb8a717176ea202040a8ea863200898e",
    "https://deno.land/x/cliffy@v0.24.2/table/layout.ts": "ca9d5159b73f76b98d51feb0286281166a964e4411c087a0c00103035b1ba1dc",
    "https://deno.land/x/cliffy@v0.24.2/table/row.ts": "707c8f9c71f28e7ded22a053c13c0988a9598eec0a9e2a7aea7d15cad64d3cfe",
    "https://deno.land/x/cliffy@v0.24.2/table/table.ts": "3905c40d030626faab87a3e2e24982382c0d4c11eccae829a9e04db94d29e3e9",
    "https://deno.land/x/cliffy@v0.24.2/table/utils.ts": "187bb7dcbcfb16199a5d906113f584740901dfca1007400cba0df7dcd341bc29",
    "https://deno.land/x/is_docker@v2.0.0/mod.ts": "4c8753346f4afbb6c251d7984a609aa84055559cf713fba828939a5d39c95cd0",
    "https://deno.land/x/is_wsl@v1.1.0/mod.ts": "30996b09376652df7a4d495320e918154906ab94325745c1399e13e658dca5da",
    "https://deno.land/x/open@v0.0.6/index.ts": "c7484a7bf2628236f33bbe354520e651811faf1a7cbc3c3f80958ce81b4c42ef",
    "https://raw.githubusercontent.com/General-Consulting/pdf-lib/master/src/index.ts": "6177e65e80f2c6b4e2c5c5b91728f874234c8a8ce30f0dee910566875a8ead79",
    "https://raw.githubusercontent.com/General-Consulting/pdf-lib/v1.20.3/dist/pdf-lib.esm.js": "9064850f9c2c7b977a79fc2359638fa9bfdbf10e201d1c55ce0874cd359e6896",
    "https://workio.dev/@0.0.8/mod.js": "cce9242d6c0639692e1f1cab3241e7c633f618bd4d3bc2d93aaa0641a647ab55"
  }
}
